
Microsoft Visual Studio Solution File, Format Version 12.00
# Visual Studio Version 17
VisualStudioVersion = 17.10.34928.147
MinimumVisualStudioVersion = 10.0.40219.1
Project("{FAE04EC0-301F-11D3-BF4B-00C04F79EFBC}") = "EmployeeManagement.Api", "EmployeeManagement\EmployeeManagement.Api.csproj", "{DB6E3464-D96D-4EA1-9365-F7BCE6F4E445}"
EndProject
Project("{FAE04EC0-301F-11D3-BF4B-00C04F79EFBC}") = "EmployeeManagement.Core", "EmployeeManagement.Core\EmployeeManagement.Core.csproj", "{632C4CEA-5972-4633-862E-7896D31B6994}"
EndProject
Project("{FAE04EC0-301F-11D3-BF4B-00C04F79EFBC}") = "EmployeeManagement.Infrastructure", "EmployeeManagement.Infrastructure\EmployeeManagement.Infrastructure.csproj", "{2096FCC2-AB33-448D-BC37-73E2D53D3E5F}"
EndProject
Global
	GlobalSection(SolutionConfigurationPlatforms) = preSolution
		Debug|Any CPU = Debug|Any CPU
		Release|Any CPU = Release|Any CPU
	EndGlobalSection
	GlobalSection(ProjectConfigurationPlatforms) = postSolution
		{DB6E3464-D96D-4EA1-9365-F7BCE6F4E445}.Debug|Any CPU.ActiveCfg = Debug|Any CPU
		{DB6E3464-D96D-4EA1-9365-F7BCE6F4E445}.Debug|Any CPU.Build.0 = Debug|Any CPU
		{DB6E3464-D96D-4EA1-9365-F7BCE6F4E445}.Release|Any CPU.ActiveCfg = Release|Any CPU
		{DB6E3464-D96D-4EA1-9365-F7BCE6F4E445}.Release|Any CPU.Build.0 = Release|Any CPU
		{632C4CEA-5972-4633-862E-7896D31B6994}.Debug|Any CPU.ActiveCfg = Debug|Any CPU
		{632C4CEA-5972-4633-862E-7896D31B6994}.Debug|Any CPU.Build.0 = Debug|Any CPU
		{632C4CEA-5972-4633-862E-7896D31B6994}.Release|Any CPU.ActiveCfg = Release|Any CPU
		{632C4CEA-5972-4633-862E-7896D31B6994}.Release|Any CPU.Build.0 = Release|Any CPU
		{2096FCC2-AB33-448D-BC37-73E2D53D3E5F}.Debug|Any CPU.ActiveCfg = Debug|Any CPU
		{2096FCC2-AB33-448D-BC37-73E2D53D3E5F}.Debug|Any CPU.Build.0 = Debug|Any CPU
		{2096FCC2-AB33-448D-BC37-73E2D53D3E5F}.Release|Any CPU.ActiveCfg = Release|Any CPU
		{2096FCC2-AB33-448D-BC37-73E2D53D3E5F}.Release|Any CPU.Build.0 = Release|Any CPU
	EndGlobalSection
	GlobalSection(SolutionProperties) = preSolution
		HideSolutionNode = FALSE
	EndGlobalSection
	GlobalSection(ExtensibilityGlobals) = postSolution
		SolutionGuid = {D4DAED8F-BA19-414F-A382-173F717AF3CE}
	EndGlobalSection
EndGlobal
